
Microsoft Visual Studio Solution File, Format Version 12.00
# Visual Studio Version 17
VisualStudioVersion = 17.11.35431.28
MinimumVisualStudioVersion = 10.0.40219.1
Project("{9A19103F-16F7-4668-BE54-9A1E7A4F7556}") = "Aop02", "Aop02\Aop02.csproj", "{4B7AC3D1-A424-4A09-BF81-0D125633CA4A}"
EndProject
Global
	GlobalSection(SolutionConfigurationPlatforms) = preSolution
		Debug|Any CPU = Debug|Any CPU
		Release|Any CPU = Release|Any CPU
	EndGlobalSection
	GlobalSection(ProjectConfigurationPlatforms) = postSolution
		{4B7AC3D1-A424-4A09-BF81-0D125633CA4A}.Debug|Any CPU.ActiveCfg = Debug|Any CPU
		{4B7AC3D1-A424-4A09-BF81-0D125633CA4A}.Debug|Any CPU.Build.0 = Debug|Any CPU
		{4B7AC3D1-A424-4A09-BF81-0D125633CA4A}.Release|Any CPU.ActiveCfg = Release|Any CPU
		{4B7AC3D1-A424-4A09-BF81-0D125633CA4A}.Release|Any CPU.Build.0 = Release|Any CPU
	EndGlobalSection
	GlobalSection(SolutionProperties) = preSolution
		HideSolutionNode = FALSE
	EndGlobalSection
	GlobalSection(ExtensibilityGlobals) = postSolution
		SolutionGuid = {1AB26981-BEEF-4D72-90DF-5E74789C9D1D}
	EndGlobalSection
EndGlobal
